
Microsoft Visual Studio Solution File, Format Version 12.00
# Visual Studio Version 17
VisualStudioVersion = 17.13.35931.197 d17.13
MinimumVisualStudioVersion = 10.0.40219.1
Project("{FAE04EC0-301F-11D3-BF4B-00C04F79EFBC}") = "App_San_ignacio_Conection", "App_San_ignacio_Conection.csproj", "{56A56D58-8C98-4DAE-A742-2C0CF659E905}"
EndProject
Global
	GlobalSection(SolutionConfigurationPlatforms) = preSolution
		Debug|Any CPU = Debug|Any CPU
		Release|Any CPU = Release|Any CPU
	EndGlobalSection
	GlobalSection(ProjectConfigurationPlatforms) = postSolution
		{56A56D58-8C98-4DAE-A742-2C0CF659E905}.Debug|Any CPU.ActiveCfg = Debug|Any CPU
		{56A56D58-8C98-4DAE-A742-2C0CF659E905}.Debug|Any CPU.Build.0 = Debug|Any CPU
		{56A56D58-8C98-4DAE-A742-2C0CF659E905}.Release|Any CPU.ActiveCfg = Release|Any CPU
		{56A56D58-8C98-4DAE-A742-2C0CF659E905}.Release|Any CPU.Build.0 = Release|Any CPU
	EndGlobalSection
	GlobalSection(SolutionProperties) = preSolution
		HideSolutionNode = FALSE
	EndGlobalSection
	GlobalSection(ExtensibilityGlobals) = postSolution
		SolutionGuid = {B61E117D-1C4E-46B7-8696-8A669E47E955}
	EndGlobalSection
EndGlobal
